{
  "requires": true,
  "lockfileVersion": 1,
  "dependencies": {
    "@types/gl-matrix": {
      "version": "3.2.0",
      "resolved": "https://registry.npmjs.org/@types/gl-matrix/-/gl-matrix-3.2.0.tgz",
      "integrity": "sha512-CY4JAtSOGQX7rVgqVuOk7ZfaLv8VeadDMPj3smMOy8Hp/YiHONa3Mr0mEUgbo0eEwV7+Owpf6BwspcA7hv4NXg==",
      "dev": true,
      "requires": {
        "gl-matrix": "*"
      }
    },
    "gl-matrix": {
      "version": "3.3.0",
      "resolved": "https://registry.npmjs.org/gl-matrix/-/gl-matrix-3.3.0.tgz",
      "integrity": "sha512-COb7LDz+SXaHtl/h4LeaFcNdJdAQSDeVqjiIihSXNrkWObZLhDI4hIkZC11Aeqp7bcE72clzB0BnDXr2SmslRA==",
      "dev": true
    }
  }
}
